// !$*UTF8*$!
{
	archiveVersion = 1;
	classes = {
	};
	objectVersion = 51;
	objects = {

/* Begin PBXBuildFile section */
		5407041A22E16D8D0022FCF4 /* AppDelegate.swift in Sources */ = {isa = PBXBuildFile; fileRef = 5407041922E16D8D0022FCF4 /* AppDelegate.swift */; };
		5407041C22E16D8D0022FCF4 /* ViewController.swift in Sources */ = {isa = PBXBuildFile; fileRef = 5407041B22E16D8D0022FCF4 /* ViewController.swift */; };
		5407041F22E16D8D0022FCF4 /* Main.storyboard in Resources */ = {isa = PBXBuildFile; fileRef = 5407041D22E16D8D0022FCF4 /* Main.storyboard */; };
		5407042122E16D8E0022FCF4 /* Assets.xcassets in Resources */ = {isa = PBXBuildFile; fileRef = 5407042022E16D8E0022FCF4 /* Assets.xcassets */; };
		5407042422E16D8E0022FCF4 /* LaunchScreen.storyboard in Resources */ = {isa = PBXBuildFile; fileRef = 5407042222E16D8E0022FCF4 /* LaunchScreen.storyboard */; };
		5407042C22E177750022FCF4 /* LoginViewController.swift in Sources */ = {isa = PBXBuildFile; fileRef = 5407042B22E177750022FCF4 /* LoginViewController.swift */; };
		5407042E22E177950022FCF4 /* HomeViewController.swift in Sources */ = {isa = PBXBuildFile; fileRef = 5407042D22E177950022FCF4 /* HomeViewController.swift */; };
		5407043022E177BC0022FCF4 /* ImageSelectViewController.swift in Sources */ = {isa = PBXBuildFile; fileRef = 5407042F22E177BC0022FCF4 /* ImageSelectViewController.swift */; };
		5407043222E177D50022FCF4 /* PostViewController.swift in Sources */ = {isa = PBXBuildFile; fileRef = 5407043122E177D50022FCF4 /* PostViewController.swift */; };
		5407043422E177E40022FCF4 /* SettingViewController.swift in Sources */ = {isa = PBXBuildFile; fileRef = 5407043322E177E40022FCF4 /* SettingViewController.swift */; };
		5407043622E19B870022FCF4 /* GoogleService-Info.plist in Resources */ = {isa = PBXBuildFile; fileRef = 5407043522E19B870022FCF4 /* GoogleService-Info.plist */; };
		5407043822E2AA9E0022FCF4 /* Const.swift in Sources */ = {isa = PBXBuildFile; fileRef = 5407043722E2AA9E0022FCF4 /* Const.swift */; };
		541063AE22E2BC9600C39091 /* PostData.swift in Sources */ = {isa = PBXBuildFile; fileRef = 541063AD22E2BC9600C39091 /* PostData.swift */; };
		541063B122E2BDE500C39091 /* PostTableViewCell.swift in Sources */ = {isa = PBXBuildFile; fileRef = 541063AF22E2BDE500C39091 /* PostTableViewCell.swift */; };
		541063B222E2BDE500C39091 /* PostTableViewCell.xib in Resources */ = {isa = PBXBuildFile; fileRef = 541063B022E2BDE500C39091 /* PostTableViewCell.xib */; };
		7CFB4D7D10B5645CB096C74C /* Pods_Instagram.framework in Frameworks */ = {isa = PBXBuildFile; fileRef = 5F50C99B8DC4FD216B92C922 /* Pods_Instagram.framework */; };
/* End PBXBuildFile section */

/* Begin PBXFileReference section */
		5407041622E16D8C0022FCF4 /* Instagram.app */ = {isa = PBXFileReference; explicitFileType = wrapper.application; includeInIndex = 0; path = Instagram.app; sourceTree = BUILT_PRODUCTS_DIR; };
		5407041922E16D8D0022FCF4 /* AppDelegate.swift */ = {isa = PBXFileReference; lastKnownFileType = sourcecode.swift; path = AppDelegate.swift; sourceTree = "<group>"; };
		5407041B22E16D8D0022FCF4 /* ViewController.swift */ = {isa = PBXFileReference; lastKnownFileType = sourcecode.swift; path = ViewController.swift; sourceTree = "<group>"; };
		5407041E22E16D8D0022FCF4 /* Base */ = {isa = PBXFileReference; lastKnownFileType = file.storyboard; name = Base; path = Base.lproj/Main.storyboard; sourceTree = "<group>"; };
		5407042022E16D8E0022FCF4 /* Assets.xcassets */ = {isa = PBXFileReference; lastKnownFileType = folder.assetcatalog; path = Assets.xcassets; sourceTree = "<group>"; };
		5407042322E16D8E0022FCF4 /* Base */ = {isa = PBXFileReference; lastKnownFileType = file.storyboard; name = Base; path = Base.lproj/LaunchScreen.storyboard; sourceTree = "<group>"; };
		5407042522E16D8E0022FCF4 /* Info.plist */ = {isa = PBXFileReference; lastKnownFileType = text.plist.xml; path = Info.plist; sourceTree = "<group>"; };
		5407042B22E177750022FCF4 /* LoginViewController.swift */ = {isa = PBXFileReference; lastKnownFileType = sourcecode.swift; path = LoginViewController.swift; sourceTree = "<group>"; };
		5407042D22E177950022FCF4 /* HomeViewController.swift */ = {isa = PBXFileReference; lastKnownFileType = sourcecode.swift; path = HomeViewController.swift; sourceTree = "<group>"; };
		5407042F22E177BC0022FCF4 /* ImageSelectViewController.swift */ = {isa = PBXFileReference; lastKnownFileType = sourcecode.swift; path = ImageSelectViewController.swift; sourceTree = "<group>"; };
		5407043122E177D50022FCF4 /* PostViewController.swift */ = {isa = PBXFileReference; lastKnownFileType = sourcecode.swift; path = PostViewController.swift; sourceTree = "<group>"; };
		5407043322E177E40022FCF4 /* SettingViewController.swift */ = {isa = PBXFileReference; lastKnownFileType = sourcecode.swift; path = SettingViewController.swift; sourceTree = "<group>"; };
		5407043522E19B870022FCF4 /* GoogleService-Info.plist */ = {isa = PBXFileReference; fileEncoding = 4; lastKnownFileType = text.plist.xml; path = "GoogleService-Info.plist"; sourceTree = "<group>"; };
		5407043722E2AA9E0022FCF4 /* Const.swift */ = {isa = PBXFileReference; lastKnownFileType = sourcecode.swift; path = Const.swift; sourceTree = "<group>"; };
		541063AD22E2BC9600C39091 /* PostData.swift */ = {isa = PBXFileReference; lastKnownFileType = sourcecode.swift; path = PostData.swift; sourceTree = "<group>"; };
		541063AF22E2BDE500C39091 /* PostTableViewCell.swift */ = {isa = PBXFileReference; lastKnownFileType = sourcecode.swift; path = PostTableViewCell.swift; sourceTree = "<group>"; };
		541063B022E2BDE500C39091 /* PostTableViewCell.xib */ = {isa = PBXFileReference; lastKnownFileType = file.xib; path = PostTableViewCell.xib; sourceTree = "<group>"; };
		5F50C99B8DC4FD216B92C922 /* Pods_Instagram.framework */ = {isa = PBXFileReference; explicitFileType = wrapper.framework; includeInIndex = 0; path = Pods_Instagram.framework; sourceTree = BUILT_PRODUCTS_DIR; };
		7AD66F400CEDB8147BAAEBA9 /* Pods-Instagram.release.xcconfig */ = {isa = PBXFileReference; includeInIndex = 1; lastKnownFileType = text.xcconfig; name = "Pods-Instagram.release.xcconfig"; path = "Target Support Files/Pods-Instagram/Pods-Instagram.release.xcconfig"; sourceTree = "<group>"; };
		B09CE339D42DE769F2C503D6 /* Pods-Instagram.debug.xcconfig */ = {isa = PBXFileReference; includeInIndex = 1; lastKnownFileType = text.xcconfig; name = "Pods-Instagram.debug.xcconfig"; path = "Target Support Files/Pods-Instagram/Pods-Instagram.debug.xcconfig"; sourceTree = "<group>"; };
/* End PBXFileReference section */

/* Begin PBXFrameworksBuildPhase section */
		5407041322E16D8C0022FCF4 /* Frameworks */ = {
			isa = PBXFrameworksBuildPhase;
			buildActionMask = 2147483647;
			files = (
				7CFB4D7D10B5645CB096C74C /* Pods_Instagram.framework in Frameworks */,
			);
			runOnlyForDeploymentPostprocessing = 0;
		};
/* End PBXFrameworksBuildPhase section */

/* Begin PBXGroup section */
		5407040D22E16D8C0022FCF4 = {
			isa = PBXGroup;
			children = (
				5407041822E16D8C0022FCF4 /* Instagram */,
				5407041722E16D8C0022FCF4 /* Products */,
				D9CE692860601F986F56B5A9 /* Pods */,
				802D1844237A3396DA375BBE /* Frameworks */,
			);
			sourceTree = "<group>";
		};
		5407041722E16D8C0022FCF4 /* Products */ = {
			isa = PBXGroup;
			children = (
				5407041622E16D8C0022FCF4 /* Instagram.app */,
			);
			name = Products;
			sourceTree = "<group>";
		};
		5407041822E16D8C0022FCF4 /* Instagram */ = {
			isa = PBXGroup;
			children = (
				5407041922E16D8D0022FCF4 /* AppDelegate.swift */,
				5407042D22E177950022FCF4 /* HomeViewController.swift */,
				5407042F22E177BC0022FCF4 /* ImageSelectViewController.swift */,
				5407042B22E177750022FCF4 /* LoginViewController.swift */,
				5407043122E177D50022FCF4 /* PostViewController.swift */,
				5407043322E177E40022FCF4 /* SettingViewController.swift */,
				5407041B22E16D8D0022FCF4 /* ViewController.swift */,
				5407041D22E16D8D0022FCF4 /* Main.storyboard */,
				541063AF22E2BDE500C39091 /* PostTableViewCell.swift */,
				541063B022E2BDE500C39091 /* PostTableViewCell.xib */,
				541063AD22E2BC9600C39091 /* PostData.swift */,
				5407043722E2AA9E0022FCF4 /* Const.swift */,
				5407042022E16D8E0022FCF4 /* Assets.xcassets */,
				5407042222E16D8E0022FCF4 /* LaunchScreen.storyboard */,
				5407042522E16D8E0022FCF4 /* Info.plist */,
				5407043522E19B870022FCF4 /* GoogleService-Info.plist */,
			);
			path = Instagram;
			sourceTree = "<group>";
		};
		802D1844237A3396DA375BBE /* Frameworks */ = {
			isa = PBXGroup;
			children = (
				5F50C99B8DC4FD216B92C922 /* Pods_Instagram.framework */,
			);
			name = Frameworks;
			sourceTree = "<group>";
		};
		D9CE692860601F986F56B5A9 /* Pods */ = {
			isa = PBXGroup;
			children = (
				B09CE339D42DE769F2C503D6 /* Pods-Instagram.debug.xcconfig */,
				7AD66F400CEDB8147BAAEBA9 /* Pods-Instagram.release.xcconfig */,
			);
			path = Pods;
			sourceTree = "<group>";
		};
/* End PBXGroup section */

/* Begin PBXNativeTarget section */
		5407041522E16D8C0022FCF4 /* Instagram */ = {
			isa = PBXNativeTarget;
			buildConfigurationList = 5407042822E16D8E0022FCF4 /* Build configuration list for PBXNativeTarget "Instagram" */;
			buildPhases = (
				F7D366673B58E04B27779CE2 /* [CP] Check Pods Manifest.lock */,
				5407041222E16D8C0022FCF4 /* Sources */,
				5407041322E16D8C0022FCF4 /* Frameworks */,
				5407041422E16D8C0022FCF4 /* Resources */,
				8EA25D2B426F1E9BC28FFD60 /* [CP] Embed Pods Frameworks */,
			);
			buildRules = (
			);
			dependencies = (
			);
			name = Instagram;
			productName = Instagram;
			productReference = 5407041622E16D8C0022FCF4 /* Instagram.app */;
			productType = "com.apple.product-type.application";
		};
/* End PBXNativeTarget section */

/* Begin PBXProject section */
		5407040E22E16D8C0022FCF4 /* Project object */ = {
			isa = PBXProject;
			attributes = {
				LastSwiftUpdateCheck = 1020;
				LastUpgradeCheck = 1020;
				ORGANIZATIONNAME = sora;
				TargetAttributes = {
					5407041522E16D8C0022FCF4 = {
						CreatedOnToolsVersion = 10.2.1;
					};
				};
			};
			buildConfigurationList = 5407041122E16D8C0022FCF4 /* Build configuration list for PBXProject "Instagram" */;
			compatibilityVersion = "Xcode 9.3";
			developmentRegion = en;
			hasScannedForEncodings = 0;
			knownRegions = (
				en,
				Base,
			);
			mainGroup = 5407040D22E16D8C0022FCF4;
			productRefGroup = 5407041722E16D8C0022FCF4 /* Products */;
			projectDirPath = "";
			projectRoot = "";
			targets = (
				5407041522E16D8C0022FCF4 /* Instagram */,
			);
		};
/* End PBXProject section */

/* Begin PBXResourcesBuildPhase section */
		5407041422E16D8C0022FCF4 /* Resources */ = {
			isa = PBXResourcesBuildPhase;
			buildActionMask = 2147483647;
			files = (
				5407042422E16D8E0022FCF4 /* LaunchScreen.storyboard in Resources */,
				541063B222E2BDE500C39091 /* PostTableViewCell.xib in Resources */,
				5407043622E19B870022FCF4 /* GoogleService-Info.plist in Resources */,
				5407042122E16D8E0022FCF4 /* Assets.xcassets in Resources */,
				5407041F22E16D8D0022FCF4 /* Main.storyboard in Resources */,
			);
			runOnlyForDeploymentPostprocessing = 0;
		};
/* End PBXResourcesBuildPhase section */

/* Begin PBXShellScriptBuildPhase section */
		8EA25D2B426F1E9BC28FFD60 /* [CP] Embed Pods Frameworks */ = {
			isa = PBXShellScriptBuildPhase;
			buildActionMask = 2147483647;
			files = (
			);
			inputFileListPaths = (
				"${PODS_ROOT}/Target Support Files/Pods-Instagram/Pods-Instagram-frameworks-${CONFIGURATION}-input-files.xcfilelist",
			);
			name = "[CP] Embed Pods Frameworks";
			outputFileListPaths = (
				"${PODS_ROOT}/Target Support Files/Pods-Instagram/Pods-Instagram-frameworks-${CONFIGURATION}-output-files.xcfilelist",
			);
			runOnlyForDeploymentPostprocessing = 0;
			shellPath = /bin/sh;
			shellScript = "\"${PODS_ROOT}/Target Support Files/Pods-Instagram/Pods-Instagram-frameworks.sh\"\n";
			showEnvVarsInLog = 0;
		};
		F7D366673B58E04B27779CE2 /* [CP] Check Pods Manifest.lock */ = {
			isa = PBXShellScriptBuildPhase;
			buildActionMask = 2147483647;
			files = (
			);
			inputFileListPaths = (
			);
			inputPaths = (
				"${PODS_PODFILE_DIR_PATH}/Podfile.lock",
				"${PODS_ROOT}/Manifest.lock",
			);
			name = "[CP] Check Pods Manifest.lock";
			outputFileListPaths = (
			);
			outputPaths = (
				"$(DERIVED_FILE_DIR)/Pods-Instagram-checkManifestLockResult.txt",
			);
			runOnlyForDeploymentPostprocessing = 0;
			shellPath = /bin/sh;
			shellScript = "diff \"${PODS_PODFILE_DIR_PATH}/Podfile.lock\" \"${PODS_ROOT}/Manifest.lock\" > /dev/null\nif [ $? != 0 ] ; then\n    # print error to STDERR\n    echo \"error: The sandbox is not in sync with the Podfile.lock. Run 'pod install' or update your CocoaPods installation.\" >&2\n    exit 1\nfi\n# This output is used by Xcode 'outputs' to avoid re-running this script phase.\necho \"SUCCESS\" > \"${SCRIPT_OUTPUT_FILE_0}\"\n";
			showEnvVarsInLog = 0;
		};
/* End PBXShellScriptBuildPhase section */

/* Begin PBXSourcesBuildPhase section */
		5407041222E16D8C0022FCF4 /* Sources */ = {
			isa = PBXSourcesBuildPhase;
			buildActionMask = 2147483647;
			files = (
				5407043222E177D50022FCF4 /* PostViewController.swift in Sources */,
				5407042C22E177750022FCF4 /* LoginViewController.swift in Sources */,
				5407041C22E16D8D0022FCF4 /* ViewController.swift in Sources */,
				5407041A22E16D8D0022FCF4 /* AppDelegate.swift in Sources */,
				5407043022E177BC0022FCF4 /* ImageSelectViewController.swift in Sources */,
				5407043822E2AA9E0022FCF4 /* Const.swift in Sources */,
				5407043422E177E40022FCF4 /* SettingViewController.swift in Sources */,
				541063B122E2BDE500C39091 /* PostTableViewCell.swift in Sources */,
				541063AE22E2BC9600C39091 /* PostData.swift in Sources */,
				5407042E22E177950022FCF4 /* HomeViewController.swift in Sources */,
			);
			runOnlyForDeploymentPostprocessing = 0;
		};
/* End PBXSourcesBuildPhase section */

/* Begin PBXVariantGroup section */
		5407041D22E16D8D0022FCF4 /* Main.storyboard */ = {
			isa = PBXVariantGroup;
			children = (
				5407041E22E16D8D0022FCF4 /* Base */,
			);
			name = Main.storyboard;
			sourceTree = "<group>";
		};
		5407042222E16D8E0022FCF4 /* LaunchScreen.storyboard */ = {
			isa = PBXVariantGroup;
			children = (
				5407042322E16D8E0022FCF4 /* Base */,
			);
			name = LaunchScreen.storyboard;
			sourceTree = "<group>";
		};
/* End PBXVariantGroup section */

/* Begin XCBuildConfiguration section */
		5407042622E16D8E0022FCF4 /* Debug */ = {
			isa = XCBuildConfiguration;
			buildSettings = {
				ALWAYS_SEARCH_USER_PATHS = NO;
				CLANG_ANALYZER_NONNULL = YES;
				CLANG_ANALYZER_NUMBER_OBJECT_CONVERSION = YES_AGGRESSIVE;
				CLANG_CXX_LANGUAGE_STANDARD = "gnu++14";
				CLANG_CXX_LIBRARY = "libc++";
				CLANG_ENABLE_MODULES = YES;
				CLANG_ENABLE_OBJC_ARC = YES;
				CLANG_ENABLE_OBJC_WEAK = YES;
				CLANG_WARN_BLOCK_CAPTURE_AUTORELEASING = YES;
				CLANG_WARN_BOOL_CONVERSION = YES;
				CLANG_WARN_COMMA = YES;
				CLANG_WARN_CONSTANT_CONVERSION = YES;
				CLANG_WARN_DEPRECATED_OBJC_IMPLEMENTATIONS = YES;
				CLANG_WARN_DIRECT_OBJC_ISA_USAGE = YES_ERROR;
				CLANG_WARN_DOCUMENTATION_COMMENTS = YES;
				CLANG_WARN_EMPTY_BODY = YES;
				CLANG_WARN_ENUM_CONVERSION = YES;
				CLANG_WARN_INFINITE_RECURSION = YES;
				CLANG_WARN_INT_CONVERSION = YES;
				CLANG_WARN_NON_LITERAL_NULL_CONVERSION = YES;
				CLANG_WARN_OBJC_IMPLICIT_RETAIN_SELF = YES;
				CLANG_WARN_OBJC_LITERAL_CONVERSION = YES;
				CLANG_WARN_OBJC_ROOT_CLASS = YES_ERROR;
				CLANG_WARN_RANGE_LOOP_ANALYSIS = YES;
				CLANG_WARN_STRICT_PROTOTYPES = YES;
				CLANG_WARN_SUSPICIOUS_MOVE = YES;
				CLANG_WARN_UNGUARDED_AVAILABILITY = YES_AGGRESSIVE;
				CLANG_WARN_UNREACHABLE_CODE = YES;
				CLANG_WARN__DUPLICATE_METHOD_MATCH = YES;
				CODE_SIGN_IDENTITY = "iPhone Developer";
				COPY_PHASE_STRIP = NO;
				DEBUG_INFORMATION_FORMAT = dwarf;
				ENABLE_STRICT_OBJC_MSGSEND = YES;
				ENABLE_TESTABILITY = YES;
				GCC_C_LANGUAGE_STANDARD = gnu11;
				GCC_DYNAMIC_NO_PIC = NO;
				GCC_NO_COMMON_BLOCKS = YES;
				GCC_OPTIMIZATION_LEVEL = 0;
				GCC_PREPROCESSOR_DEFINITIONS = (
					"DEBUG=1",
					"$(inherited)",
				);
				GCC_WARN_64_TO_32_BIT_CONVERSION = YES;
				GCC_WARN_ABOUT_RETURN_TYPE = YES_ERROR;
				GCC_WARN_UNDECLARED_SELECTOR = YES;
				GCC_WARN_UNINITIALIZED_AUTOS = YES_AGGRESSIVE;
				GCC_WARN_UNUSED_FUNCTION = YES;
				GCC_WARN_UNUSED_VARIABLE = YES;
				IPHONEOS_DEPLOYMENT_TARGET = 12.2;
				MTL_ENABLE_DEBUG_INFO = INCLUDE_SOURCE;
				MTL_FAST_MATH = YES;
				ONLY_ACTIVE_ARCH = YES;
				SDKROOT = iphoneos;
				SWIFT_ACTIVE_COMPILATION_CONDITIONS = DEBUG;
				SWIFT_OPTIMIZATION_LEVEL = "-Onone";
			};
			name = Debug;
		};
		5407042722E16D8E0022FCF4 /* Release */ = {
			isa = XCBuildConfiguration;
			buildSettings = {
				ALWAYS_SEARCH_USER_PATHS = NO;
				CLANG_ANALYZER_NONNULL = YES;
				CLANG_ANALYZER_NUMBER_OBJECT_CONVERSION = YES_AGGRESSIVE;
				CLANG_CXX_LANGUAGE_STANDARD = "gnu++14";
				CLANG_CXX_LIBRARY = "libc++";
				CLANG_ENABLE_MODULES = YES;
				CLANG_ENABLE_OBJC_ARC = YES;
				CLANG_ENABLE_OBJC_WEAK = YES;
				CLANG_WARN_BLOCK_CAPTURE_AUTORELEASING = YES;
				CLANG_WARN_BOOL_CONVERSION = YES;
				CLANG_WARN_COMMA = YES;
				CLANG_WARN_CONSTANT_CONVERSION = YES;
				CLANG_WARN_DEPRECATED_OBJC_IMPLEMENTATIONS = YES;
				CLANG_WARN_DIRECT_OBJC_ISA_USAGE = YES_ERROR;
				CLANG_WARN_DOCUMENTATION_COMMENTS = YES;
				CLANG_WARN_EMPTY_BODY = YES;
				CLANG_WARN_ENUM_CONVERSION = YES;
				CLANG_WARN_INFINITE_RECURSION = YES;
				CLANG_WARN_INT_CONVERSION = YES;
				CLANG_WARN_NON_LITERAL_NULL_CONVERSION = YES;
				CLANG_WARN_OBJC_IMPLICIT_RETAIN_SELF = YES;
				CLANG_WARN_OBJC_LITERAL_CONVERSION = YES;
				CLANG_WARN_OBJC_ROOT_CLASS = YES_ERROR;
				CLANG_WARN_RANGE_LOOP_ANALYSIS = YES;
				CLANG_WARN_STRICT_PROTOTYPES = YES;
				CLANG_WARN_SUSPICIOUS_MOVE = YES;
				CLANG_WARN_UNGUARDED_AVAILABILITY = YES_AGGRESSIVE;
				CLANG_WARN_UNREACHABLE_CODE = YES;
				CLANG_WARN__DUPLICATE_METHOD_MATCH = YES;
				CODE_SIGN_IDENTITY = "iPhone Developer";
				COPY_PHASE_STRIP = NO;
				DEBUG_INFORMATION_FORMAT = "dwarf-with-dsym";
				ENABLE_NS_ASSERTIONS = NO;
				ENABLE_STRICT_OBJC_MSGSEND = YES;
				GCC_C_LANGUAGE_STANDARD = gnu11;
				GCC_NO_COMMON_BLOCKS = YES;
				GCC_WARN_64_TO_32_BIT_CONVERSION = YES;
				GCC_WARN_ABOUT_RETURN_TYPE = YES_ERROR;
				GCC_WARN_UNDECLARED_SELECTOR = YES;
				GCC_WARN_UNINITIALIZED_AUTOS = YES_AGGRESSIVE;
				GCC_WARN_UNUSED_FUNCTION = YES;
				GCC_WARN_UNUSED_VARIABLE = YES;
				IPHONEOS_DEPLOYMENT_TARGET = 12.2;
				MTL_ENABLE_DEBUG_INFO = NO;
				MTL_FAST_MATH = YES;
				SDKROOT = iphoneos;
				SWIFT_COMPILATION_MODE = wholemodule;
				SWIFT_OPTIMIZATION_LEVEL = "-O";
				VALIDATE_PRODUCT = YES;
			};
			name = Release;
		};
		5407042922E16D8E0022FCF4 /* Debug */ = {
			isa = XCBuildConfiguration;
			baseConfigurationReference = B09CE339D42DE769F2C503D6 /* Pods-Instagram.debug.xcconfig */;
			buildSettings = {
				ASSETCATALOG_COMPILER_APPICON_NAME = AppIcon;
				CODE_SIGN_STYLE = Automatic;
				DEVELOPMENT_TEAM = 5K6VKM53BM;
				INFOPLIST_FILE = Instagram/Info.plist;
				LD_RUNPATH_SEARCH_PATHS = (
					"$(inherited)",
					"@executable_path/Frameworks",
				);
				PRODUCT_BUNDLE_IDENTIFIER = com.sora46.Instagram;
				PRODUCT_NAME = "$(TARGET_NAME)";
				SWIFT_VERSION = 5.0;
				TARGETED_DEVICE_FAMILY = 1;
			};
			name = Debug;
		};
		5407042A22E16D8E0022FCF4 /* Release */ = {
			isa = XCBuildConfiguration;
			baseConfigurationReference = 7AD66F400CEDB8147BAAEBA9 /* Pods-Instagram.release.xcconfig */;
			buildSettings = {
				ASSETCATALOG_COMPILER_APPICON_NAME = AppIcon;
				CODE_SIGN_STYLE = Automatic;
				DEVELOPMENT_TEAM = 5K6VKM53BM;
				INFOPLIST_FILE = Instagram/Info.plist;
				LD_RUNPATH_SEARCH_PATHS = (
					"$(inherited)",
					"@executable_path/Frameworks",
				);
				PRODUCT_BUNDLE_IDENTIFIER = com.sora46.Instagram;
				PRODUCT_NAME = "$(TARGET_NAME)";
				SWIFT_VERSION = 5.0;
				TARGETED_DEVICE_FAMILY = 1;
			};
			name = Release;
		};
/* End XCBuildConfiguration section */

/* Begin XCConfigurationList section */
		5407041122E16D8C0022FCF4 /* Build configuration list for PBXProject "Instagram" */ = {
			isa = XCConfigurationList;
			buildConfigurations = (
				5407042622E16D8E0022FCF4 /* Debug */,
				5407042722E16D8E0022FCF4 /* Release */,
			);
			defaultConfigurationIsVisible = 0;
			defaultConfigurationName = Release;
		};
		5407042822E16D8E0022FCF4 /* Build configuration list for PBXNativeTarget "Instagram" */ = {
			isa = XCConfigurationList;
			buildConfigurations = (
				5407042922E16D8E0022FCF4 /* Debug */,
				5407042A22E16D8E0022FCF4 /* Release */,
			);
			defaultConfigurationIsVisible = 0;
			defaultConfigurationName = Release;
		};
/* End XCConfigurationList section */
	};
	rootObject = 5407040E22E16D8C0022FCF4 /* Project object */;
}
